
Microsoft Visual Studio Solution File, Format Version 12.00
# Visual Studio 15
VisualStudioVersion = 15.0.28307.106
MinimumVisualStudioVersion = 10.0.40219.1
Project("{FAE04EC0-301F-11D3-BF4B-00C04F79EFBC}") = "CNPM", "CNPM\CNPM.csproj", "{78FD2272-BCB2-4FF3-AC10-C5345332D9B8}"
EndProject
Global
	GlobalSection(SolutionConfigurationPlatforms) = preSolution
		Debug|Any CPU = Debug|Any CPU
		Release|Any CPU = Release|Any CPU
	EndGlobalSection
	GlobalSection(ProjectConfigurationPlatforms) = postSolution
		{78FD2272-BCB2-4FF3-AC10-C5345332D9B8}.Debug|Any CPU.ActiveCfg = Debug|Any CPU
		{78FD2272-BCB2-4FF3-AC10-C5345332D9B8}.Debug|Any CPU.Build.0 = Debug|Any CPU
		{78FD2272-BCB2-4FF3-AC10-C5345332D9B8}.Release|Any CPU.ActiveCfg = Release|Any CPU
		{78FD2272-BCB2-4FF3-AC10-C5345332D9B8}.Release|Any CPU.Build.0 = Release|Any CPU
	EndGlobalSection
	GlobalSection(SolutionProperties) = preSolution
		HideSolutionNode = FALSE
	EndGlobalSection
	GlobalSection(ExtensibilityGlobals) = postSolution
		SolutionGuid = {593C00B7-2D45-48FA-88A5-8652B993F8D0}
	EndGlobalSection
EndGlobal
